PODS:
  - AXPhotoViewer/Core (1.7.1-discogs.2):
    - AXStateButton (~> 1.1)
    - FLAnimatedImage (~> 1.0)
    - FLAnimatedImage-tvOS (~> 1.0.16)
  - AXPhotoViewer/PINRemoteImage (1.7.1-discogs.2):
    - AXPhotoViewer/Core
    - PINRemoteImage (~> 3.0)
  - FLAnimatedImage-tvOS (1.0.16)
  - PINCache (3.0.1-beta.8):
    - PINCache/Arc-exception-safe (= 3.0.1-beta.8)
    - PINCache/Core (= 3.0.1-beta.8)
  - PINCache/Arc-exception-safe (3.0.1-beta.8):
    - PINCache/Core
  - PINCache/Core (3.0.1-beta.8):
    - PINOperation (~> 1.1.1)
  - PINOperation (1.1.2)
  - PINRemoteImage (3.0.0):
    - PINRemoteImage/PINCache (= 3.0.0)
  - PINRemoteImage/Core (3.0.0):
    - PINOperation
  - PINRemoteImage/PINCache (3.0.0):
    - PINCache (= 3.0.1-beta.8)
    - PINRemoteImage/Core
  - Reveal-SDK (24)

DEPENDENCIES:
  - AXPhotoViewer/PINRemoteImage (from `../../AXPhotoViewer.podspec`)
  - Reveal-SDK

SPEC REPOS:
  trunk:
    - FLAnimatedImage-tvOS
    - PINCache
    - PINOperation
    - PINRemoteImage
    - Reveal-SDK

EXTERNAL SOURCES:
  AXPhotoViewer:
    :path: "../../AXPhotoViewer.podspec"

SPEC CHECKSUMS:
  AXPhotoViewer: 7d4d25701d81e836c68f20361c729dea5458eccf
  FLAnimatedImage-tvOS: 9848762c9480db5a4334e11782e747fc8fc07baf
  PINCache: 534fd41d358d828dfdf227a0d327f3673a65e20b
  PINOperation: 24b774353ca248fcf87d67b2d61eef42087c125a
  PINRemoteImage: e2b89e19fb6e77ffc099f9d9f3b3fe1745e3f9f9
  Reveal-SDK: 5d7e56b8f018c0a88b3a2c10bf68d598bbd3b071

PODFILE CHECKSUM: 490e7b3b6cfaeb1706de47f53f3cf9c6c22f49f4

COCOAPODS: 1.9.1
